<?xml version="1.0" encoding="utf-8"?>
<Project ToolsVersion="4.0" xmlns="http://schemas.microsoft.com/developer/msbuild/2003">
  <ItemGroup>
    <Filter Include="소스 파일">
      <UniqueIdentifier>{4FC737F1-C7A5-4376-A066-2A32D752A2FF}</UniqueIdentifier>
      <Extensions>cpp;c;cc;cxx;c++;cppm;ixx;def;odl;idl;hpj;bat;asm;asmx</Extensions>
    </Filter>
    <Filter Include="헤더 파일">
      <UniqueIdentifier>{93995380-89BD-4b04-88EB-625FBE52EBFB}</UniqueIdentifier>
      <Extensions>h;hh;hpp;hxx;h++;hm;inl;inc;ipp;xsd</Extensions>
    </Filter>
    <Filter Include="리소스 파일">
      <UniqueIdentifier>{67DA6AB6-F800-4c08-8B7A-83BB121AAD01}</UniqueIdentifier>
      <Extensions>rc;ico;cur;bmp;dlg;rc2;rct;bin;rgs;gif;jpg;jpeg;jpe;resx;tiff;tif;png;wav;mfcribbon-ms</Extensions>
    </Filter>
    <Filter Include="External">
      <UniqueIdentifier>{2c1733c1-017e-43e3-b21d-681a0a28082b}</UniqueIdentifier>
    </Filter>
    <Filter Include="Scripts">
      <UniqueIdentifier>{c0164c7d-6845-44e6-bf1b-959665963ee5}</UniqueIdentifier>
    </Filter>
    <Filter Include="Components">
      <UniqueIdentifier>{19b0311c-0f11-41dd-b860-7c536ed7c0c4}</UniqueIdentifier>
    </Filter>
  </ItemGroup>
  <ItemGroup>
    <ClCompile Include="GameTimer.cpp">
      <Filter>External</Filter>
    </ClCompile>
    <ClCompile Include="NzWndBase.cpp">
      <Filter>External</Filter>
    </ClCompile>
    <ClCompile Include="RenderHelp.cpp">
      <Filter>External</Filter>
    </ClCompile>
    <ClCompile Include="Utillity.cpp">
      <Filter>External</Filter>
    </ClCompile>
    <ClCompile Include="Component.cpp">
      <Filter>Components</Filter>
    </ClCompile>
    <ClCompile Include="Script.cpp">
      <Filter>Components</Filter>
    </ClCompile>
    <ClCompile Include="Sprite.cpp">
      <Filter>Components</Filter>
    </ClCompile>
    <ClCompile Include="Transform.cpp">
      <Filter>Components</Filter>
    </ClCompile>
    <ClCompile Include="Board.cpp">
      <Filter>Scripts</Filter>
    </ClCompile>
    <ClCompile Include="BoardManager.cpp">
      <Filter>Scripts</Filter>
    </ClCompile>
    <ClCompile Include="GameApp.cpp">
      <Filter>소스 파일</Filter>
    </ClCompile>
    <ClCompile Include="GameObject.cpp">
      <Filter>소스 파일</Filter>
    </ClCompile>
    <ClCompile Include="Main.cpp">
      <Filter>소스 파일</Filter>
    </ClCompile>
    <ClCompile Include="GameManager.cpp">
      <Filter>Scripts</Filter>
    </ClCompile>
    <ClCompile Include="FallingFruit.cpp">
      <Filter>Scripts</Filter>
    </ClCompile>
    <ClCompile Include="Animator.cpp">
      <Filter>Components</Filter>
    </ClCompile>
  </ItemGroup>
  <ItemGroup>
    <ClInclude Include="GameTimer.h">
      <Filter>External</Filter>
    </ClInclude>
    <ClInclude Include="INC_Windows.h">
      <Filter>External</Filter>
    </ClInclude>
    <ClInclude Include="NzWndBase.h">
      <Filter>External</Filter>
    </ClInclude>
    <ClInclude Include="RenderHelp.h">
      <Filter>External</Filter>
    </ClInclude>
    <ClInclude Include="Utillity.h">
      <Filter>External</Filter>
    </ClInclude>
    <ClInclude Include="Component.h">
      <Filter>Components</Filter>
    </ClInclude>
    <ClInclude Include="Script.h">
      <Filter>Components</Filter>
    </ClInclude>
    <ClInclude Include="Sprite.h">
      <Filter>Components</Filter>
    </ClInclude>
    <ClInclude Include="Transform.h">
      <Filter>Components</Filter>
    </ClInclude>
    <ClInclude Include="Board.h">
      <Filter>Scripts</Filter>
    </ClInclude>
    <ClInclude Include="BoardManager.h">
      <Filter>Scripts</Filter>
    </ClInclude>
    <ClInclude Include="GameApp.h">
      <Filter>소스 파일</Filter>
    </ClInclude>
    <ClInclude Include="GameObject.h">
      <Filter>소스 파일</Filter>
    </ClInclude>
    <ClInclude Include="Types.h">
      <Filter>소스 파일</Filter>
    </ClInclude>
    <ClInclude Include="GameManager.h">
      <Filter>Scripts</Filter>
    </ClInclude>
    <ClInclude Include="FallingFruit.h">
      <Filter>Scripts</Filter>
    </ClInclude>
    <ClInclude Include="Animator.h">
      <Filter>Components</Filter>
    </ClInclude>
  </ItemGroup>
</Project>